
Microsoft Visual Studio Solution File, Format Version 12.00
# Visual Studio Version 16
VisualStudioVersion = 16.0.30517.126
MinimumVisualStudioVersion = 10.0.40219.1
Project("{9A19103F-16F7-4668-BE54-9A1E7A4F7556}") = "TiendaServicios.Api.Libro", "TiendaServicios.Api.Libro\TiendaServicios.Api.Libro.csproj", "{DD1A359D-5EB2-4F55-9B8C-9CAB9B6B778A}"
EndProject
Project("{9A19103F-16F7-4668-BE54-9A1E7A4F7556}") = "TiendaServicios.Api.CarritoCompra", "TiendaServicios.Api.CarritoCompra\TiendaServicios.Api.CarritoCompra.csproj", "{AA756A13-F11F-4A47-92ED-915508CF276C}"
EndProject
Project("{9A19103F-16F7-4668-BE54-9A1E7A4F7556}") = "TiendaServicios.Api.Libro.Tests", "TiendaServicios.Api.Libro.Tests\TiendaServicios.Api.Libro.Tests.csproj", "{8B5C074D-A1F2-4137-96CD-1C66924AE9F8}"
EndProject
Project("{9A19103F-16F7-4668-BE54-9A1E7A4F7556}") = "TiendaServicios.Api.Autors", "TiendaServicios.Api.Autors\TiendaServicios.Api.Autors.csproj", "{E3F768F1-103F-4348-876B-F291B344275A}"
EndProject
Project("{E53339B2-1760-4266-BCC7-CA923CBCF16C}") = "docker-compose", "docker-compose.dcproj", "{499D9254-AB88-4E23-AC7D-6DE5221D08F4}"
EndProject
Project("{FAE04EC0-301F-11D3-BF4B-00C04F79EFBC}") = "TiendaServicios.Api.Gateway", "TiendaServicios.Api.Gateway\TiendaServicios.Api.Gateway.csproj", "{2DF30446-B984-449E-9710-5A88203B5598}"
EndProject
Global
	GlobalSection(SolutionConfigurationPlatforms) = preSolution
		Debug|Any CPU = Debug|Any CPU
		Release|Any CPU = Release|Any CPU
	EndGlobalSection
	GlobalSection(ProjectConfigurationPlatforms) = postSolution
		{DD1A359D-5EB2-4F55-9B8C-9CAB9B6B778A}.Debug|Any CPU.ActiveCfg = Debug|Any CPU
		{DD1A359D-5EB2-4F55-9B8C-9CAB9B6B778A}.Debug|Any CPU.Build.0 = Debug|Any CPU
		{DD1A359D-5EB2-4F55-9B8C-9CAB9B6B778A}.Release|Any CPU.ActiveCfg = Release|Any CPU
		{DD1A359D-5EB2-4F55-9B8C-9CAB9B6B778A}.Release|Any CPU.Build.0 = Release|Any CPU
		{AA756A13-F11F-4A47-92ED-915508CF276C}.Debug|Any CPU.ActiveCfg = Debug|Any CPU
		{AA756A13-F11F-4A47-92ED-915508CF276C}.Debug|Any CPU.Build.0 = Debug|Any CPU
		{AA756A13-F11F-4A47-92ED-915508CF276C}.Release|Any CPU.ActiveCfg = Release|Any CPU
		{AA756A13-F11F-4A47-92ED-915508CF276C}.Release|Any CPU.Build.0 = Release|Any CPU
		{8B5C074D-A1F2-4137-96CD-1C66924AE9F8}.Debug|Any CPU.ActiveCfg = Debug|Any CPU
		{8B5C074D-A1F2-4137-96CD-1C66924AE9F8}.Debug|Any CPU.Build.0 = Debug|Any CPU
		{8B5C074D-A1F2-4137-96CD-1C66924AE9F8}.Release|Any CPU.ActiveCfg = Release|Any CPU
		{8B5C074D-A1F2-4137-96CD-1C66924AE9F8}.Release|Any CPU.Build.0 = Release|Any CPU
		{E3F768F1-103F-4348-876B-F291B344275A}.Debug|Any CPU.ActiveCfg = Debug|Any CPU
		{E3F768F1-103F-4348-876B-F291B344275A}.Debug|Any CPU.Build.0 = Debug|Any CPU
		{E3F768F1-103F-4348-876B-F291B344275A}.Release|Any CPU.ActiveCfg = Release|Any CPU
		{E3F768F1-103F-4348-876B-F291B344275A}.Release|Any CPU.Build.0 = Release|Any CPU
		{499D9254-AB88-4E23-AC7D-6DE5221D08F4}.Debug|Any CPU.ActiveCfg = Debug|Any CPU
		{499D9254-AB88-4E23-AC7D-6DE5221D08F4}.Debug|Any CPU.Build.0 = Debug|Any CPU
		{499D9254-AB88-4E23-AC7D-6DE5221D08F4}.Release|Any CPU.ActiveCfg = Release|Any CPU
		{499D9254-AB88-4E23-AC7D-6DE5221D08F4}.Release|Any CPU.Build.0 = Release|Any CPU
		{2DF30446-B984-449E-9710-5A88203B5598}.Debug|Any CPU.ActiveCfg = Debug|Any CPU
		{2DF30446-B984-449E-9710-5A88203B5598}.Debug|Any CPU.Build.0 = Debug|Any CPU
		{2DF30446-B984-449E-9710-5A88203B5598}.Release|Any CPU.ActiveCfg = Release|Any CPU
		{2DF30446-B984-449E-9710-5A88203B5598}.Release|Any CPU.Build.0 = Release|Any CPU
	EndGlobalSection
	GlobalSection(SolutionProperties) = preSolution
		HideSolutionNode = FALSE
	EndGlobalSection
	GlobalSection(ExtensibilityGlobals) = postSolution
		SolutionGuid = {0EAC5CEA-5CF0-4444-9259-948794565AEC}
	EndGlobalSection
EndGlobal
